
Microsoft Visual Studio Solution File, Format Version 12.00
# Visual Studio Version 17
VisualStudioVersion = 17.0.31903.59
MinimumVisualStudioVersion = 10.0.40219.1
Project("{FAE04EC0-301F-11D3-BF4B-00C04F79EFBC}") = "Copier", "Copier\Copier.csproj", "{CEF2445A-F7A5-4251-8B3B-799A9B5A9C95}"
EndProject
Project("{FAE04EC0-301F-11D3-BF4B-00C04F79EFBC}") = "Copier.Tests", "Copier.Tests\Copier.Tests.csproj", "{2EAE75F3-6DD3-4328-8249-51828562D7CD}"
EndProject
Global
	GlobalSection(SolutionConfigurationPlatforms) = preSolution
		Debug|Any CPU = Debug|Any CPU
		Release|Any CPU = Release|Any CPU
	EndGlobalSection
	GlobalSection(SolutionProperties) = preSolution
		HideSolutionNode = FALSE
	EndGlobalSection
	GlobalSection(ProjectConfigurationPlatforms) = postSolution
		{CEF2445A-F7A5-4251-8B3B-799A9B5A9C95}.Debug|Any CPU.ActiveCfg = Debug|Any CPU
		{CEF2445A-F7A5-4251-8B3B-799A9B5A9C95}.Debug|Any CPU.Build.0 = Debug|Any CPU
		{CEF2445A-F7A5-4251-8B3B-799A9B5A9C95}.Release|Any CPU.ActiveCfg = Release|Any CPU
		{CEF2445A-F7A5-4251-8B3B-799A9B5A9C95}.Release|Any CPU.Build.0 = Release|Any CPU
		{2EAE75F3-6DD3-4328-8249-51828562D7CD}.Debug|Any CPU.ActiveCfg = Debug|Any CPU
		{2EAE75F3-6DD3-4328-8249-51828562D7CD}.Debug|Any CPU.Build.0 = Debug|Any CPU
		{2EAE75F3-6DD3-4328-8249-51828562D7CD}.Release|Any CPU.ActiveCfg = Release|Any CPU
		{2EAE75F3-6DD3-4328-8249-51828562D7CD}.Release|Any CPU.Build.0 = Release|Any CPU
	EndGlobalSection
EndGlobal
